PODS:
  - Differentiator (3.0.1)
  - RxCocoa (4.2.0):
    - RxSwift (~> 4.0)
  - RxCoreData (0.5.0):
    - RxSwift (~> 4.2.0)
  - RxDataSources (3.0.1):
    - Differentiator (~> 3.0)
    - RxCocoa (~> 4.0)
    - RxSwift (~> 4.0)
  - RxSwift (4.2.0)

DEPENDENCIES:
  - RxCocoa (~> 4.2)
  - RxCoreData (from `../`)
  - RxDataSources (~> 3.0)
  - RxSwift (~> 4.2)

SPEC REPOS:
  https://github.com/cocoapods/specs.git:
    - Differentiator
    - RxCocoa
    - RxDataSources
    - RxSwift

EXTERNAL SOURCES:
  RxCoreData:
    :path: "../"

SPEC CHECKSUMS:
  Differentiator: ffe513ce1ea4e7198b89fac94d6e281c673055a9
  RxCocoa: 0b54909c902e1e581212a03e690bbd94032d8baa
  RxCoreData: 366c6d5857d265d80df891b280d91457b12c8224
  RxDataSources: 098b7e62b6316313b14d6bf594e3f4f4f62a238a
  RxSwift: 99e10317ddfcc7fbe01356aafd118fde4a0be104

PODFILE CHECKSUM: 2301a0f899260fdadebbe33712ceb07d8d35af52

COCOAPODS: 1.5.3
