PODS:
  - RxCocoa (3.0.0-rc.1):
    - RxSwift (~> 3.0.0-rc.1)
  - RxCoreData (0.3.0-rc.1):
    - RxCocoa (~> 3.0.0-rc.1)
    - RxSwift (~> 3.0.0-rc.1)
  - RxDataSources (1.0.0-rc.1):
    - RxCocoa (~> 3.0.0-rc.1)
    - RxSwift (~> 3.0.0-rc.1)
  - RxSwift (3.0.0-rc.1)

DEPENDENCIES:
  - RxCocoa (~> 3.0.0-rc.1)
  - RxCoreData (from `../`)
  - RxDataSources (~> 1.0.0-rc.1)
  - RxSwift (~> 3.0.0-rc.1)

EXTERNAL SOURCES:
  RxCoreData:
    :path: "../"

SPEC CHECKSUMS:
  RxCocoa: e72a074a7f38896ec0382d096df5f58df10115c7
  RxCoreData: c63ce99458e04073fbffb36ac2809256169b954f
  RxDataSources: 178f66fbd31fba8d0b14cec1c90c3a0343c34432
  RxSwift: d7a3819dd71789c473e3cbf1a0c02d58b2692739

PODFILE CHECKSUM: 194d938da12037382c46c1a664d61dc1a94feb87

COCOAPODS: 1.1.0.rc.3
