// !$*UTF8*$!
{
	archiveVersion = 1;
	classes = {
	};
	objectVersion = 51;
	objects = {

/* Begin PBXBuildFile section */
		71F643367A87D33586EAA771 /* Pods_RxCoreDateExampleTests.framework in Frameworks */ = {isa = PBXBuildFile; fileRef = F95BF6EEA5A857B410440917 /* Pods_RxCoreDateExampleTests.framework */; };
		A51DFB9D29BDCED7A77F3660 /* Pods_RxCoreDateExample.framework in Frameworks */ = {isa = PBXBuildFile; fileRef = 45B70B03F6F82211DB982213 /* Pods_RxCoreDateExample.framework */; };
		C4A50F10229591AE0037E608 /* AppDelegate.swift in Sources */ = {isa = PBXBuildFile; fileRef = C4A50F0F229591AE0037E608 /* AppDelegate.swift */; };
		C4A50F12229591AE0037E608 /* ViewController.swift in Sources */ = {isa = PBXBuildFile; fileRef = C4A50F11229591AE0037E608 /* ViewController.swift */; };
		C4A50F15229591AE0037E608 /* Main.storyboard in Resources */ = {isa = PBXBuildFile; fileRef = C4A50F13229591AE0037E608 /* Main.storyboard */; };
		C4A50F17229591AF0037E608 /* Assets.xcassets in Resources */ = {isa = PBXBuildFile; fileRef = C4A50F16229591AF0037E608 /* Assets.xcassets */; };
		C4A50F1A229591AF0037E608 /* LaunchScreen.storyboard in Resources */ = {isa = PBXBuildFile; fileRef = C4A50F18229591AF0037E608 /* LaunchScreen.storyboard */; };
		C4A50F25229591B00037E608 /* RxCoreDateExampleTests.swift in Sources */ = {isa = PBXBuildFile; fileRef = C4A50F24229591B00037E608 /* RxCoreDateExampleTests.swift */; };
		C4A50F3D22969BD00037E608 /* Model.xcdatamodeld in Sources */ = {isa = PBXBuildFile; fileRef = C4A50F3B22969BD00037E608 /* Model.xcdatamodeld */; };
		C4A50F4022969BE20037E608 /* Event+Extensions.swift in Sources */ = {isa = PBXBuildFile; fileRef = C4A50F3E22969BE20037E608 /* Event+Extensions.swift */; };
		C4A50F4122969BE20037E608 /* Event.swift in Sources */ = {isa = PBXBuildFile; fileRef = C4A50F3F22969BE20037E608 /* Event.swift */; };
/* End PBXBuildFile section */

/* Begin PBXContainerItemProxy section */
		C4A50F21229591B00037E608 /* PBXContainerItemProxy */ = {
			isa = PBXContainerItemProxy;
			containerPortal = C4A50F04229591AE0037E608 /* Project object */;
			proxyType = 1;
			remoteGlobalIDString = C4A50F0B229591AE0037E608;
			remoteInfo = RxCoreDateExample;
		};
/* End PBXContainerItemProxy section */

/* Begin PBXFileReference section */
		1CE3EBD72B27D17A8FA7E6D4 /* Pods-RxCoreDateExample.debug.xcconfig */ = {isa = PBXFileReference; includeInIndex = 1; lastKnownFileType = text.xcconfig; name = "Pods-RxCoreDateExample.debug.xcconfig"; path = "Target Support Files/Pods-RxCoreDateExample/Pods-RxCoreDateExample.debug.xcconfig"; sourceTree = "<group>"; };
		2FCE8B1F3B228922FCA16128 /* Pods-RxCoreDateExampleTests.release.xcconfig */ = {isa = PBXFileReference; includeInIndex = 1; lastKnownFileType = text.xcconfig; name = "Pods-RxCoreDateExampleTests.release.xcconfig"; path = "Target Support Files/Pods-RxCoreDateExampleTests/Pods-RxCoreDateExampleTests.release.xcconfig"; sourceTree = "<group>"; };
		45B70B03F6F82211DB982213 /* Pods_RxCoreDateExample.framework */ = {isa = PBXFileReference; explicitFileType = wrapper.framework; includeInIndex = 0; path = Pods_RxCoreDateExample.framework; sourceTree = BUILT_PRODUCTS_DIR; };
		A65C71FF8389C3BB5EE16A14 /* Pods-RxCoreDateExample.release.xcconfig */ = {isa = PBXFileReference; includeInIndex = 1; lastKnownFileType = text.xcconfig; name = "Pods-RxCoreDateExample.release.xcconfig"; path = "Target Support Files/Pods-RxCoreDateExample/Pods-RxCoreDateExample.release.xcconfig"; sourceTree = "<group>"; };
		BABCDFBC60F568538024AB9B /* Pods-RxCoreDateExampleTests.debug.xcconfig */ = {isa = PBXFileReference; includeInIndex = 1; lastKnownFileType = text.xcconfig; name = "Pods-RxCoreDateExampleTests.debug.xcconfig"; path = "Target Support Files/Pods-RxCoreDateExampleTests/Pods-RxCoreDateExampleTests.debug.xcconfig"; sourceTree = "<group>"; };
		C4A50F0C229591AE0037E608 /* RxCoreDateExample.app */ = {isa = PBXFileReference; explicitFileType = wrapper.application; includeInIndex = 0; path = RxCoreDateExample.app; sourceTree = BUILT_PRODUCTS_DIR; };
		C4A50F0F229591AE0037E608 /* AppDelegate.swift */ = {isa = PBXFileReference; lastKnownFileType = sourcecode.swift; path = AppDelegate.swift; sourceTree = "<group>"; };
		C4A50F11229591AE0037E608 /* ViewController.swift */ = {isa = PBXFileReference; lastKnownFileType = sourcecode.swift; path = ViewController.swift; sourceTree = "<group>"; };
		C4A50F14229591AE0037E608 /* Base */ = {isa = PBXFileReference; lastKnownFileType = file.storyboard; name = Base; path = Base.lproj/Main.storyboard; sourceTree = "<group>"; };
		C4A50F16229591AF0037E608 /* Assets.xcassets */ = {isa = PBXFileReference; lastKnownFileType = folder.assetcatalog; path = Assets.xcassets; sourceTree = "<group>"; };
		C4A50F19229591AF0037E608 /* Base */ = {isa = PBXFileReference; lastKnownFileType = file.storyboard; name = Base; path = Base.lproj/LaunchScreen.storyboard; sourceTree = "<group>"; };
		C4A50F1B229591AF0037E608 /* Info.plist */ = {isa = PBXFileReference; lastKnownFileType = text.plist.xml; path = Info.plist; sourceTree = "<group>"; };
		C4A50F20229591B00037E608 /* RxCoreDateExampleTests.xctest */ = {isa = PBXFileReference; explicitFileType = wrapper.cfbundle; includeInIndex = 0; path = RxCoreDateExampleTests.xctest; sourceTree = BUILT_PRODUCTS_DIR; };
		C4A50F24229591B00037E608 /* RxCoreDateExampleTests.swift */ = {isa = PBXFileReference; lastKnownFileType = sourcecode.swift; path = RxCoreDateExampleTests.swift; sourceTree = "<group>"; };
		C4A50F26229591B00037E608 /* Info.plist */ = {isa = PBXFileReference; lastKnownFileType = text.plist.xml; path = Info.plist; sourceTree = "<group>"; };
		C4A50F302295935A0037E608 /* RxCoreData.framework */ = {isa = PBXFileReference; explicitFileType = wrapper.framework; path = RxCoreData.framework; sourceTree = BUILT_PRODUCTS_DIR; };
		C4A50F32229593750037E608 /* RxSwift.framework */ = {isa = PBXFileReference; lastKnownFileType = wrapper.framework; name = RxSwift.framework; path = ../Carthage/Build/iOS/RxSwift.framework; sourceTree = "<group>"; };
		C4A50F33229593750037E608 /* RxCocoa.framework */ = {isa = PBXFileReference; lastKnownFileType = wrapper.framework; name = RxCocoa.framework; path = ../Carthage/Build/iOS/RxCocoa.framework; sourceTree = "<group>"; };
		C4A50F3C22969BD00037E608 /* Model.xcdatamodel */ = {isa = PBXFileReference; lastKnownFileType = wrapper.xcdatamodel; path = Model.xcdatamodel; sourceTree = "<group>"; };
		C4A50F3E22969BE20037E608 /* Event+Extensions.swift */ = {isa = PBXFileReference; fileEncoding = 4; lastKnownFileType = sourcecode.swift; path = "Event+Extensions.swift"; sourceTree = "<group>"; };
		C4A50F3F22969BE20037E608 /* Event.swift */ = {isa = PBXFileReference; fileEncoding = 4; lastKnownFileType = sourcecode.swift; path = Event.swift; sourceTree = "<group>"; };
		C4A50F5D22969DB00037E608 /* RxRelay.framework */ = {isa = PBXFileReference; lastKnownFileType = wrapper.framework; name = RxRelay.framework; path = ../Carthage/Build/iOS/RxRelay.framework; sourceTree = "<group>"; };
		C4A50F5E22969DB00037E608 /* Differentiator.framework */ = {isa = PBXFileReference; lastKnownFileType = wrapper.framework; name = Differentiator.framework; path = ../Carthage/Build/iOS/Differentiator.framework; sourceTree = "<group>"; };
		C4A50F5F22969DB00037E608 /* RxDataSources.framework */ = {isa = PBXFileReference; lastKnownFileType = wrapper.framework; name = RxDataSources.framework; path = ../Carthage/Build/iOS/RxDataSources.framework; sourceTree = "<group>"; };
		F95BF6EEA5A857B410440917 /* Pods_RxCoreDateExampleTests.framework */ = {isa = PBXFileReference; explicitFileType = wrapper.framework; includeInIndex = 0; path = Pods_RxCoreDateExampleTests.framework; sourceTree = BUILT_PRODUCTS_DIR; };
/* End PBXFileReference section */

/* Begin PBXFrameworksBuildPhase section */
		C4A50F09229591AE0037E608 /* Frameworks */ = {
			isa = PBXFrameworksBuildPhase;
			buildActionMask = 2147483647;
			files = (
				A51DFB9D29BDCED7A77F3660 /* Pods_RxCoreDateExample.framework in Frameworks */,
			);
			runOnlyForDeploymentPostprocessing = 0;
		};
		C4A50F1D229591B00037E608 /* Frameworks */ = {
			isa = PBXFrameworksBuildPhase;
			buildActionMask = 2147483647;
			files = (
				71F643367A87D33586EAA771 /* Pods_RxCoreDateExampleTests.framework in Frameworks */,
			);
			runOnlyForDeploymentPostprocessing = 0;
		};
/* End PBXFrameworksBuildPhase section */

/* Begin PBXGroup section */
		71277D86D29AA8C1C327977C /* Pods */ = {
			isa = PBXGroup;
			children = (
				1CE3EBD72B27D17A8FA7E6D4 /* Pods-RxCoreDateExample.debug.xcconfig */,
				A65C71FF8389C3BB5EE16A14 /* Pods-RxCoreDateExample.release.xcconfig */,
				BABCDFBC60F568538024AB9B /* Pods-RxCoreDateExampleTests.debug.xcconfig */,
				2FCE8B1F3B228922FCA16128 /* Pods-RxCoreDateExampleTests.release.xcconfig */,
			);
			path = Pods;
			sourceTree = "<group>";
		};
		C4A50F03229591AE0037E608 = {
			isa = PBXGroup;
			children = (
				C4A50F0E229591AE0037E608 /* RxCoreDateExample */,
				C4A50F23229591B00037E608 /* RxCoreDateExampleTests */,
				C4A50F0D229591AE0037E608 /* Products */,
				C4A50F2F2295935A0037E608 /* Frameworks */,
				71277D86D29AA8C1C327977C /* Pods */,
			);
			sourceTree = "<group>";
		};
		C4A50F0D229591AE0037E608 /* Products */ = {
			isa = PBXGroup;
			children = (
				C4A50F0C229591AE0037E608 /* RxCoreDateExample.app */,
				C4A50F20229591B00037E608 /* RxCoreDateExampleTests.xctest */,
			);
			name = Products;
			sourceTree = "<group>";
		};
		C4A50F0E229591AE0037E608 /* RxCoreDateExample */ = {
			isa = PBXGroup;
			children = (
				C4A50F0F229591AE0037E608 /* AppDelegate.swift */,
				C4A50F11229591AE0037E608 /* ViewController.swift */,
				C4A50F3F22969BE20037E608 /* Event.swift */,
				C4A50F3E22969BE20037E608 /* Event+Extensions.swift */,
				C4A50F13229591AE0037E608 /* Main.storyboard */,
				C4A50F16229591AF0037E608 /* Assets.xcassets */,
				C4A50F18229591AF0037E608 /* LaunchScreen.storyboard */,
				C4A50F1B229591AF0037E608 /* Info.plist */,
				C4A50F3B22969BD00037E608 /* Model.xcdatamodeld */,
			);
			path = RxCoreDateExample;
			sourceTree = "<group>";
		};
		C4A50F23229591B00037E608 /* RxCoreDateExampleTests */ = {
			isa = PBXGroup;
			children = (
				C4A50F24229591B00037E608 /* RxCoreDateExampleTests.swift */,
				C4A50F26229591B00037E608 /* Info.plist */,
			);
			path = RxCoreDateExampleTests;
			sourceTree = "<group>";
		};
		C4A50F2F2295935A0037E608 /* Frameworks */ = {
			isa = PBXGroup;
			children = (
				C4A50F33229593750037E608 /* RxCocoa.framework */,
				C4A50F32229593750037E608 /* RxSwift.framework */,
				C4A50F302295935A0037E608 /* RxCoreData.framework */,
				C4A50F5D22969DB00037E608 /* RxRelay.framework */,
				C4A50F5E22969DB00037E608 /* Differentiator.framework */,
				C4A50F5F22969DB00037E608 /* RxDataSources.framework */,
				45B70B03F6F82211DB982213 /* Pods_RxCoreDateExample.framework */,
				F95BF6EEA5A857B410440917 /* Pods_RxCoreDateExampleTests.framework */,
			);
			name = Frameworks;
			sourceTree = "<group>";
		};
/* End PBXGroup section */

/* Begin PBXNativeTarget section */
		C4A50F0B229591AE0037E608 /* RxCoreDateExample */ = {
			isa = PBXNativeTarget;
			buildConfigurationList = C4A50F29229591B00037E608 /* Build configuration list for PBXNativeTarget "RxCoreDateExample" */;
			buildPhases = (
				7BA98F8C36E1948DA54A8695 /* [CP] Check Pods Manifest.lock */,
				C4A50F08229591AE0037E608 /* Sources */,
				C4A50F09229591AE0037E608 /* Frameworks */,
				C4A50F0A229591AE0037E608 /* Resources */,
				91860C1DDEC3D6AA75FDFDE7 /* [CP] Embed Pods Frameworks */,
			);
			buildRules = (
			);
			dependencies = (
			);
			name = RxCoreDateExample;
			productName = RxCoreDateExample;
			productReference = C4A50F0C229591AE0037E608 /* RxCoreDateExample.app */;
			productType = "com.apple.product-type.application";
		};
		C4A50F1F229591B00037E608 /* RxCoreDateExampleTests */ = {
			isa = PBXNativeTarget;
			buildConfigurationList = C4A50F2C229591B00037E608 /* Build configuration list for PBXNativeTarget "RxCoreDateExampleTests" */;
			buildPhases = (
				E3E0570DE33C6651C42A0492 /* [CP] Check Pods Manifest.lock */,
				C4A50F1C229591B00037E608 /* Sources */,
				C4A50F1D229591B00037E608 /* Frameworks */,
				C4A50F1E229591B00037E608 /* Resources */,
			);
			buildRules = (
			);
			dependencies = (
				C4A50F22229591B00037E608 /* PBXTargetDependency */,
			);
			name = RxCoreDateExampleTests;
			productName = RxCoreDateExampleTests;
			productReference = C4A50F20229591B00037E608 /* RxCoreDateExampleTests.xctest */;
			productType = "com.apple.product-type.bundle.unit-test";
		};
/* End PBXNativeTarget section */

/* Begin PBXProject section */
		C4A50F04229591AE0037E608 /* Project object */ = {
			isa = PBXProject;
			attributes = {
				LastSwiftUpdateCheck = 1020;
				LastUpgradeCheck = 1230;
				ORGANIZATIONNAME = "Bob Godwin Obi";
				TargetAttributes = {
					C4A50F0B229591AE0037E608 = {
						CreatedOnToolsVersion = 10.2.1;
					};
					C4A50F1F229591B00037E608 = {
						CreatedOnToolsVersion = 10.2.1;
						TestTargetID = C4A50F0B229591AE0037E608;
					};
				};
			};
			buildConfigurationList = C4A50F07229591AE0037E608 /* Build configuration list for PBXProject "RxCoreDateExample" */;
			compatibilityVersion = "Xcode 9.3";
			developmentRegion = en;
			hasScannedForEncodings = 0;
			knownRegions = (
				en,
				Base,
			);
			mainGroup = C4A50F03229591AE0037E608;
			productRefGroup = C4A50F0D229591AE0037E608 /* Products */;
			projectDirPath = "";
			projectRoot = "";
			targets = (
				C4A50F0B229591AE0037E608 /* RxCoreDateExample */,
				C4A50F1F229591B00037E608 /* RxCoreDateExampleTests */,
			);
		};
/* End PBXProject section */

/* Begin PBXResourcesBuildPhase section */
		C4A50F0A229591AE0037E608 /* Resources */ = {
			isa = PBXResourcesBuildPhase;
			buildActionMask = 2147483647;
			files = (
				C4A50F1A229591AF0037E608 /* LaunchScreen.storyboard in Resources */,
				C4A50F17229591AF0037E608 /* Assets.xcassets in Resources */,
				C4A50F15229591AE0037E608 /* Main.storyboard in Resources */,
			);
			runOnlyForDeploymentPostprocessing = 0;
		};
		C4A50F1E229591B00037E608 /* Resources */ = {
			isa = PBXResourcesBuildPhase;
			buildActionMask = 2147483647;
			files = (
			);
			runOnlyForDeploymentPostprocessing = 0;
		};
/* End PBXResourcesBuildPhase section */

/* Begin PBXShellScriptBuildPhase section */
		7BA98F8C36E1948DA54A8695 /* [CP] Check Pods Manifest.lock */ = {
			isa = PBXShellScriptBuildPhase;
			buildActionMask = 2147483647;
			files = (
			);
			inputFileListPaths = (
			);
			inputPaths = (
				"${PODS_PODFILE_DIR_PATH}/Podfile.lock",
				"${PODS_ROOT}/Manifest.lock",
			);
			name = "[CP] Check Pods Manifest.lock";
			outputFileListPaths = (
			);
			outputPaths = (
				"$(DERIVED_FILE_DIR)/Pods-RxCoreDateExample-checkManifestLockResult.txt",
			);
			runOnlyForDeploymentPostprocessing = 0;
			shellPath = /bin/sh;
			shellScript = "diff \"${PODS_PODFILE_DIR_PATH}/Podfile.lock\" \"${PODS_ROOT}/Manifest.lock\" > /dev/null\nif [ $? != 0 ] ; then\n    # print error to STDERR\n    echo \"error: The sandbox is not in sync with the Podfile.lock. Run 'pod install' or update your CocoaPods installation.\" >&2\n    exit 1\nfi\n# This output is used by Xcode 'outputs' to avoid re-running this script phase.\necho \"SUCCESS\" > \"${SCRIPT_OUTPUT_FILE_0}\"\n";
			showEnvVarsInLog = 0;
		};
		91860C1DDEC3D6AA75FDFDE7 /* [CP] Embed Pods Frameworks */ = {
			isa = PBXShellScriptBuildPhase;
			buildActionMask = 2147483647;
			files = (
			);
			inputFileListPaths = (
				"${PODS_ROOT}/Target Support Files/Pods-RxCoreDateExample/Pods-RxCoreDateExample-frameworks-${CONFIGURATION}-input-files.xcfilelist",
			);
			name = "[CP] Embed Pods Frameworks";
			outputFileListPaths = (
				"${PODS_ROOT}/Target Support Files/Pods-RxCoreDateExample/Pods-RxCoreDateExample-frameworks-${CONFIGURATION}-output-files.xcfilelist",
			);
			runOnlyForDeploymentPostprocessing = 0;
			shellPath = /bin/sh;
			shellScript = "\"${PODS_ROOT}/Target Support Files/Pods-RxCoreDateExample/Pods-RxCoreDateExample-frameworks.sh\"\n";
			showEnvVarsInLog = 0;
		};
		E3E0570DE33C6651C42A0492 /* [CP] Check Pods Manifest.lock */ = {
			isa = PBXShellScriptBuildPhase;
			buildActionMask = 2147483647;
			files = (
			);
			inputFileListPaths = (
			);
			inputPaths = (
				"${PODS_PODFILE_DIR_PATH}/Podfile.lock",
				"${PODS_ROOT}/Manifest.lock",
			);
			name = "[CP] Check Pods Manifest.lock";
			outputFileListPaths = (
			);
			outputPaths = (
				"$(DERIVED_FILE_DIR)/Pods-RxCoreDateExampleTests-checkManifestLockResult.txt",
			);
			runOnlyForDeploymentPostprocessing = 0;
			shellPath = /bin/sh;
			shellScript = "diff \"${PODS_PODFILE_DIR_PATH}/Podfile.lock\" \"${PODS_ROOT}/Manifest.lock\" > /dev/null\nif [ $? != 0 ] ; then\n    # print error to STDERR\n    echo \"error: The sandbox is not in sync with the Podfile.lock. Run 'pod install' or update your CocoaPods installation.\" >&2\n    exit 1\nfi\n# This output is used by Xcode 'outputs' to avoid re-running this script phase.\necho \"SUCCESS\" > \"${SCRIPT_OUTPUT_FILE_0}\"\n";
			showEnvVarsInLog = 0;
		};
/* End PBXShellScriptBuildPhase section */

/* Begin PBXSourcesBuildPhase section */
		C4A50F08229591AE0037E608 /* Sources */ = {
			isa = PBXSourcesBuildPhase;
			buildActionMask = 2147483647;
			files = (
				C4A50F12229591AE0037E608 /* ViewController.swift in Sources */,
				C4A50F10229591AE0037E608 /* AppDelegate.swift in Sources */,
				C4A50F4022969BE20037E608 /* Event+Extensions.swift in Sources */,
				C4A50F3D22969BD00037E608 /* Model.xcdatamodeld in Sources */,
				C4A50F4122969BE20037E608 /* Event.swift in Sources */,
			);
			runOnlyForDeploymentPostprocessing = 0;
		};
		C4A50F1C229591B00037E608 /* Sources */ = {
			isa = PBXSourcesBuildPhase;
			buildActionMask = 2147483647;
			files = (
				C4A50F25229591B00037E608 /* RxCoreDateExampleTests.swift in Sources */,
			);
			runOnlyForDeploymentPostprocessing = 0;
		};
/* End PBXSourcesBuildPhase section */

/* Begin PBXTargetDependency section */
		C4A50F22229591B00037E608 /* PBXTargetDependency */ = {
			isa = PBXTargetDependency;
			target = C4A50F0B229591AE0037E608 /* RxCoreDateExample */;
			targetProxy = C4A50F21229591B00037E608 /* PBXContainerItemProxy */;
		};
/* End PBXTargetDependency section */

/* Begin PBXVariantGroup section */
		C4A50F13229591AE0037E608 /* Main.storyboard */ = {
			isa = PBXVariantGroup;
			children = (
				C4A50F14229591AE0037E608 /* Base */,
			);
			name = Main.storyboard;
			sourceTree = "<group>";
		};
		C4A50F18229591AF0037E608 /* LaunchScreen.storyboard */ = {
			isa = PBXVariantGroup;
			children = (
				C4A50F19229591AF0037E608 /* Base */,
			);
			name = LaunchScreen.storyboard;
			sourceTree = "<group>";
		};
/* End PBXVariantGroup section */

/* Begin XCBuildConfiguration section */
		C4A50F27229591B00037E608 /* Debug */ = {
			isa = XCBuildConfiguration;
			buildSettings = {
				ALWAYS_SEARCH_USER_PATHS = NO;
				CLANG_ANALYZER_NONNULL = YES;
				CLANG_ANALYZER_NUMBER_OBJECT_CONVERSION = YES_AGGRESSIVE;
				CLANG_CXX_LANGUAGE_STANDARD = "gnu++14";
				CLANG_CXX_LIBRARY = "libc++";
				CLANG_ENABLE_MODULES = YES;
				CLANG_ENABLE_OBJC_ARC = YES;
				CLANG_ENABLE_OBJC_WEAK = YES;
				CLANG_WARN_BLOCK_CAPTURE_AUTORELEASING = YES;
				CLANG_WARN_BOOL_CONVERSION = YES;
				CLANG_WARN_COMMA = YES;
				CLANG_WARN_CONSTANT_CONVERSION = YES;
				CLANG_WARN_DEPRECATED_OBJC_IMPLEMENTATIONS = YES;
				CLANG_WARN_DIRECT_OBJC_ISA_USAGE = YES_ERROR;
				CLANG_WARN_DOCUMENTATION_COMMENTS = YES;
				CLANG_WARN_EMPTY_BODY = YES;
				CLANG_WARN_ENUM_CONVERSION = YES;
				CLANG_WARN_INFINITE_RECURSION = YES;
				CLANG_WARN_INT_CONVERSION = YES;
				CLANG_WARN_NON_LITERAL_NULL_CONVERSION = YES;
				CLANG_WARN_OBJC_IMPLICIT_RETAIN_SELF = YES;
				CLANG_WARN_OBJC_LITERAL_CONVERSION = YES;
				CLANG_WARN_OBJC_ROOT_CLASS = YES_ERROR;
				CLANG_WARN_QUOTED_INCLUDE_IN_FRAMEWORK_HEADER = YES;
				CLANG_WARN_RANGE_LOOP_ANALYSIS = YES;
				CLANG_WARN_STRICT_PROTOTYPES = YES;
				CLANG_WARN_SUSPICIOUS_MOVE = YES;
				CLANG_WARN_UNGUARDED_AVAILABILITY = YES_AGGRESSIVE;
				CLANG_WARN_UNREACHABLE_CODE = YES;
				CLANG_WARN__DUPLICATE_METHOD_MATCH = YES;
				CODE_SIGN_IDENTITY = "iPhone Developer";
				COPY_PHASE_STRIP = NO;
				DEBUG_INFORMATION_FORMAT = dwarf;
				ENABLE_STRICT_OBJC_MSGSEND = YES;
				ENABLE_TESTABILITY = YES;
				GCC_C_LANGUAGE_STANDARD = gnu11;
				GCC_DYNAMIC_NO_PIC = NO;
				GCC_NO_COMMON_BLOCKS = YES;
				GCC_OPTIMIZATION_LEVEL = 0;
				GCC_PREPROCESSOR_DEFINITIONS = (
					"DEBUG=1",
					"$(inherited)",
				);
				GCC_WARN_64_TO_32_BIT_CONVERSION = YES;
				GCC_WARN_ABOUT_RETURN_TYPE = YES_ERROR;
				GCC_WARN_UNDECLARED_SELECTOR = YES;
				GCC_WARN_UNINITIALIZED_AUTOS = YES_AGGRESSIVE;
				GCC_WARN_UNUSED_FUNCTION = YES;
				GCC_WARN_UNUSED_VARIABLE = YES;
				IPHONEOS_DEPLOYMENT_TARGET = 12.2;
				MTL_ENABLE_DEBUG_INFO = INCLUDE_SOURCE;
				MTL_FAST_MATH = YES;
				ONLY_ACTIVE_ARCH = YES;
				SDKROOT = iphoneos;
				SWIFT_ACTIVE_COMPILATION_CONDITIONS = DEBUG;
				SWIFT_OPTIMIZATION_LEVEL = "-Onone";
			};
			name = Debug;
		};
		C4A50F28229591B00037E608 /* Release */ = {
			isa = XCBuildConfiguration;
			buildSettings = {
				ALWAYS_SEARCH_USER_PATHS = NO;
				CLANG_ANALYZER_NONNULL = YES;
				CLANG_ANALYZER_NUMBER_OBJECT_CONVERSION = YES_AGGRESSIVE;
				CLANG_CXX_LANGUAGE_STANDARD = "gnu++14";
				CLANG_CXX_LIBRARY = "libc++";
				CLANG_ENABLE_MODULES = YES;
				CLANG_ENABLE_OBJC_ARC = YES;
				CLANG_ENABLE_OBJC_WEAK = YES;
				CLANG_WARN_BLOCK_CAPTURE_AUTORELEASING = YES;
				CLANG_WARN_BOOL_CONVERSION = YES;
				CLANG_WARN_COMMA = YES;
				CLANG_WARN_CONSTANT_CONVERSION = YES;
				CLANG_WARN_DEPRECATED_OBJC_IMPLEMENTATIONS = YES;
				CLANG_WARN_DIRECT_OBJC_ISA_USAGE = YES_ERROR;
				CLANG_WARN_DOCUMENTATION_COMMENTS = YES;
				CLANG_WARN_EMPTY_BODY = YES;
				CLANG_WARN_ENUM_CONVERSION = YES;
				CLANG_WARN_INFINITE_RECURSION = YES;
				CLANG_WARN_INT_CONVERSION = YES;
				CLANG_WARN_NON_LITERAL_NULL_CONVERSION = YES;
				CLANG_WARN_OBJC_IMPLICIT_RETAIN_SELF = YES;
				CLANG_WARN_OBJC_LITERAL_CONVERSION = YES;
				CLANG_WARN_OBJC_ROOT_CLASS = YES_ERROR;
				CLANG_WARN_QUOTED_INCLUDE_IN_FRAMEWORK_HEADER = YES;
				CLANG_WARN_RANGE_LOOP_ANALYSIS = YES;
				CLANG_WARN_STRICT_PROTOTYPES = YES;
				CLANG_WARN_SUSPICIOUS_MOVE = YES;
				CLANG_WARN_UNGUARDED_AVAILABILITY = YES_AGGRESSIVE;
				CLANG_WARN_UNREACHABLE_CODE = YES;
				CLANG_WARN__DUPLICATE_METHOD_MATCH = YES;
				CODE_SIGN_IDENTITY = "iPhone Developer";
				COPY_PHASE_STRIP = NO;
				DEBUG_INFORMATION_FORMAT = "dwarf-with-dsym";
				ENABLE_NS_ASSERTIONS = NO;
				ENABLE_STRICT_OBJC_MSGSEND = YES;
				GCC_C_LANGUAGE_STANDARD = gnu11;
				GCC_NO_COMMON_BLOCKS = YES;
				GCC_WARN_64_TO_32_BIT_CONVERSION = YES;
				GCC_WARN_ABOUT_RETURN_TYPE = YES_ERROR;
				GCC_WARN_UNDECLARED_SELECTOR = YES;
				GCC_WARN_UNINITIALIZED_AUTOS = YES_AGGRESSIVE;
				GCC_WARN_UNUSED_FUNCTION = YES;
				GCC_WARN_UNUSED_VARIABLE = YES;
				IPHONEOS_DEPLOYMENT_TARGET = 12.2;
				MTL_ENABLE_DEBUG_INFO = NO;
				MTL_FAST_MATH = YES;
				SDKROOT = iphoneos;
				SWIFT_COMPILATION_MODE = wholemodule;
				SWIFT_OPTIMIZATION_LEVEL = "-O";
				VALIDATE_PRODUCT = YES;
			};
			name = Release;
		};
		C4A50F2A229591B00037E608 /* Debug */ = {
			isa = XCBuildConfiguration;
			baseConfigurationReference = 1CE3EBD72B27D17A8FA7E6D4 /* Pods-RxCoreDateExample.debug.xcconfig */;
			buildSettings = {
				ASSETCATALOG_COMPILER_APPICON_NAME = AppIcon;
				CODE_SIGN_STYLE = Automatic;
				FRAMEWORK_SEARCH_PATHS = (
					"$(inherited)",
					"$(SRCROOT)/../Carthage/Build/iOS",
				);
				INFOPLIST_FILE = RxCoreDateExample/Info.plist;
				LD_RUNPATH_SEARCH_PATHS = (
					"$(inherited)",
					"@executable_path/Frameworks",
				);
				PRODUCT_BUNDLE_IDENTIFIER = bobgodwinx.RxCoreDateExample;
				PRODUCT_NAME = "$(TARGET_NAME)";
				SWIFT_VERSION = 5.0;
				TARGETED_DEVICE_FAMILY = "1,2";
			};
			name = Debug;
		};
		C4A50F2B229591B00037E608 /* Release */ = {
			isa = XCBuildConfiguration;
			baseConfigurationReference = A65C71FF8389C3BB5EE16A14 /* Pods-RxCoreDateExample.release.xcconfig */;
			buildSettings = {
				ASSETCATALOG_COMPILER_APPICON_NAME = AppIcon;
				CODE_SIGN_STYLE = Automatic;
				FRAMEWORK_SEARCH_PATHS = (
					"$(inherited)",
					"$(SRCROOT)/../Carthage/Build/iOS",
				);
				INFOPLIST_FILE = RxCoreDateExample/Info.plist;
				LD_RUNPATH_SEARCH_PATHS = (
					"$(inherited)",
					"@executable_path/Frameworks",
				);
				PRODUCT_BUNDLE_IDENTIFIER = bobgodwinx.RxCoreDateExample;
				PRODUCT_NAME = "$(TARGET_NAME)";
				SWIFT_VERSION = 5.0;
				TARGETED_DEVICE_FAMILY = "1,2";
			};
			name = Release;
		};
		C4A50F2D229591B00037E608 /* Debug */ = {
			isa = XCBuildConfiguration;
			baseConfigurationReference = BABCDFBC60F568538024AB9B /* Pods-RxCoreDateExampleTests.debug.xcconfig */;
			buildSettings = {
				ALWAYS_EMBED_SWIFT_STANDARD_LIBRARIES = YES;
				BUNDLE_LOADER = "$(TEST_HOST)";
				CODE_SIGN_STYLE = Automatic;
				INFOPLIST_FILE = RxCoreDateExampleTests/Info.plist;
				LD_RUNPATH_SEARCH_PATHS = (
					"$(inherited)",
					"@executable_path/Frameworks",
					"@loader_path/Frameworks",
				);
				PRODUCT_BUNDLE_IDENTIFIER = bobgodwinx.RxCoreDateExampleTests;
				PRODUCT_NAME = "$(TARGET_NAME)";
				SWIFT_VERSION = 5.0;
				TARGETED_DEVICE_FAMILY = "1,2";
				TEST_HOST = "$(BUILT_PRODUCTS_DIR)/RxCoreDateExample.app/RxCoreDateExample";
			};
			name = Debug;
		};
		C4A50F2E229591B00037E608 /* Release */ = {
			isa = XCBuildConfiguration;
			baseConfigurationReference = 2FCE8B1F3B228922FCA16128 /* Pods-RxCoreDateExampleTests.release.xcconfig */;
			buildSettings = {
				ALWAYS_EMBED_SWIFT_STANDARD_LIBRARIES = YES;
				BUNDLE_LOADER = "$(TEST_HOST)";
				CODE_SIGN_STYLE = Automatic;
				INFOPLIST_FILE = RxCoreDateExampleTests/Info.plist;
				LD_RUNPATH_SEARCH_PATHS = (
					"$(inherited)",
					"@executable_path/Frameworks",
					"@loader_path/Frameworks",
				);
				PRODUCT_BUNDLE_IDENTIFIER = bobgodwinx.RxCoreDateExampleTests;
				PRODUCT_NAME = "$(TARGET_NAME)";
				SWIFT_VERSION = 5.0;
				TARGETED_DEVICE_FAMILY = "1,2";
				TEST_HOST = "$(BUILT_PRODUCTS_DIR)/RxCoreDateExample.app/RxCoreDateExample";
			};
			name = Release;
		};
/* End XCBuildConfiguration section */

/* Begin XCConfigurationList section */
		C4A50F07229591AE0037E608 /* Build configuration list for PBXProject "RxCoreDateExample" */ = {
			isa = XCConfigurationList;
			buildConfigurations = (
				C4A50F27229591B00037E608 /* Debug */,
				C4A50F28229591B00037E608 /* Release */,
			);
			defaultConfigurationIsVisible = 0;
			defaultConfigurationName = Release;
		};
		C4A50F29229591B00037E608 /* Build configuration list for PBXNativeTarget "RxCoreDateExample" */ = {
			isa = XCConfigurationList;
			buildConfigurations = (
				C4A50F2A229591B00037E608 /* Debug */,
				C4A50F2B229591B00037E608 /* Release */,
			);
			defaultConfigurationIsVisible = 0;
			defaultConfigurationName = Release;
		};
		C4A50F2C229591B00037E608 /* Build configuration list for PBXNativeTarget "RxCoreDateExampleTests" */ = {
			isa = XCConfigurationList;
			buildConfigurations = (
				C4A50F2D229591B00037E608 /* Debug */,
				C4A50F2E229591B00037E608 /* Release */,
			);
			defaultConfigurationIsVisible = 0;
			defaultConfigurationName = Release;
		};
/* End XCConfigurationList section */

/* Begin XCVersionGroup section */
		C4A50F3B22969BD00037E608 /* Model.xcdatamodeld */ = {
			isa = XCVersionGroup;
			children = (
				C4A50F3C22969BD00037E608 /* Model.xcdatamodel */,
			);
			currentVersion = C4A50F3C22969BD00037E608 /* Model.xcdatamodel */;
			path = Model.xcdatamodeld;
			sourceTree = "<group>";
			versionGroupType = wrapper.xcdatamodel;
		};
/* End XCVersionGroup section */
	};
	rootObject = C4A50F04229591AE0037E608 /* Project object */;
}
